
Microsoft Visual Studio Solution File, Format Version 12.00
# Visual Studio 14
VisualStudioVersion = 14.0.25420.1
MinimumVisualStudioVersion = 10.0.40219.1
Project("{2150E333-8FDC-42A3-9474-1A3956D46DE8}") = "UnitTests", "UnitTests", "{6E0CCE51-4ED1-4BF1-8BDA-BD8B6F2904CC}"
EndProject
Project("{2150E333-8FDC-42A3-9474-1A3956D46DE8}") = "TancleClient", "TancleClient", "{97980C06-CF4E-4A46-9033-679B1FF35488}"
EndProject
Project("{2150E333-8FDC-42A3-9474-1A3956D46DE8}") = "TancleServer", "TancleServer", "{5D10C5B6-6FE7-469A-AC57-DBDDB3F50324}"
EndProject
Project("{2150E333-8FDC-42A3-9474-1A3956D46DE8}") = "UnitTests", "UnitTests", "{DA0E99B8-C698-4A24-8CEB-5CFA97DDDA7A}"
EndProject
Project("{2150E333-8FDC-42A3-9474-1A3956D46DE8}") = "TancleCommon", "TancleCommon", "{453F4FB4-59F5-420F-A546-6BB55A456828}"
EndProject
Project("{2150E333-8FDC-42A3-9474-1A3956D46DE8}") = "UnitTests", "UnitTests", "{E05B0D0C-C598-4074-8D4B-DB30E8B29891}"
EndProject
Project("{2150E333-8FDC-42A3-9474-1A3956D46DE8}") = "Tools", "Tools", "{7FBFE88B-491A-48CF-B741-8DD9A2FA4081}"
EndProject
Project("{FAE04EC0-301F-11D3-BF4B-00C04F79EFBC}") = "TancleClientTests", "TancleClient\TancleClientTests\TancleClientTests.csproj", "{2CC92D0C-27D7-4CDA-9F46-846793756618}"
EndProject
Project("{FAE04EC0-301F-11D3-BF4B-00C04F79EFBC}") = "TancleClient", "TancleClient\TancleClient\TancleClient.csproj", "{337AB875-11B4-4A93-8F90-6D8EEFF589E0}"
EndProject
Project("{FAE04EC0-301F-11D3-BF4B-00C04F79EFBC}") = "TancleDataModel", "TancleCommon\TancleDataModel\TancleDataModel\TancleDataModel.csproj", "{6A512BC3-C022-417D-8AD3-7752CB08193A}"
EndProject
Project("{FAE04EC0-301F-11D3-BF4B-00C04F79EFBC}") = "TancleDataModelTests", "TancleCommon\TancleDataModel\TancleDataModelTests\TancleDataModelTests.csproj", "{004DD723-113A-4EB5-85EA-E64B86C6F9A6}"
EndProject
Project("{FAE04EC0-301F-11D3-BF4B-00C04F79EFBC}") = "TancleMessage", "TancleCommon\TancleMessage\TancleMessage.csproj", "{39329199-ED21-47E4-ABE6-08019F29A0F6}"
EndProject
Project("{FAE04EC0-301F-11D3-BF4B-00C04F79EFBC}") = "TancleServerTests", "TancleServer\TancleServerTests\TancleServerTests.csproj", "{7A8F81CF-A82B-487B-86AE-27ED5AE0E1B1}"
EndProject
Project("{FAE04EC0-301F-11D3-BF4B-00C04F79EFBC}") = "TancleServer", "TancleServer\TancleServer\TancleServer.csproj", "{56EA188C-C78A-4B46-A815-0A4D3A8F6DC2}"
EndProject
Project("{2150E333-8FDC-42A3-9474-1A3956D46DE8}") = "Base", "Base", "{26FFCF0C-1F92-4303-A4D9-A26A06249F23}"
EndProject
Project("{FAE04EC0-301F-11D3-BF4B-00C04F79EFBC}") = "BaseDataType", "Base\BaseComponents\BaseDataType\BaseDataType.csproj", "{ABD279C7-D0EA-4F63-9C9B-1DB449575E49}"
EndProject
Project("{FAE04EC0-301F-11D3-BF4B-00C04F79EFBC}") = "TancleClientSimulator", "Tools\TancleClientSimulator\TancleClientSimulator.csproj", "{022C2ED8-3A52-4E2E-97B1-F62A4027414C}"
EndProject
Project("{FAE04EC0-301F-11D3-BF4B-00C04F79EFBC}") = "BaseCommonUtils", "Base\BaseComponents\BaseCommonUtils\BaseCommonUtils.csproj", "{D9EC32C1-7E1B-4383-B016-A1989782145A}"
EndProject
Global
	GlobalSection(SolutionConfigurationPlatforms) = preSolution
		Debug|Any CPU = Debug|Any CPU
		Debug|x64 = Debug|x64
		Release|Any CPU = Release|Any CPU
		Release|x64 = Release|x64
	EndGlobalSection
	GlobalSection(ProjectConfigurationPlatforms) = postSolution
		{2CC92D0C-27D7-4CDA-9F46-846793756618}.Debug|Any CPU.ActiveCfg = Debug|Any CPU
		{2CC92D0C-27D7-4CDA-9F46-846793756618}.Debug|Any CPU.Build.0 = Debug|Any CPU
		{2CC92D0C-27D7-4CDA-9F46-846793756618}.Debug|x64.ActiveCfg = Debug|x64
		{2CC92D0C-27D7-4CDA-9F46-846793756618}.Debug|x64.Build.0 = Debug|x64
		{2CC92D0C-27D7-4CDA-9F46-846793756618}.Release|Any CPU.ActiveCfg = Release|Any CPU
		{2CC92D0C-27D7-4CDA-9F46-846793756618}.Release|Any CPU.Build.0 = Release|Any CPU
		{2CC92D0C-27D7-4CDA-9F46-846793756618}.Release|x64.ActiveCfg = Release|x64
		{2CC92D0C-27D7-4CDA-9F46-846793756618}.Release|x64.Build.0 = Release|x64
		{337AB875-11B4-4A93-8F90-6D8EEFF589E0}.Debug|Any CPU.ActiveCfg = Debug|Any CPU
		{337AB875-11B4-4A93-8F90-6D8EEFF589E0}.Debug|Any CPU.Build.0 = Debug|Any CPU
		{337AB875-11B4-4A93-8F90-6D8EEFF589E0}.Debug|x64.ActiveCfg = Debug|x64
		{337AB875-11B4-4A93-8F90-6D8EEFF589E0}.Debug|x64.Build.0 = Debug|x64
		{337AB875-11B4-4A93-8F90-6D8EEFF589E0}.Release|Any CPU.ActiveCfg = Release|Any CPU
		{337AB875-11B4-4A93-8F90-6D8EEFF589E0}.Release|Any CPU.Build.0 = Release|Any CPU
		{337AB875-11B4-4A93-8F90-6D8EEFF589E0}.Release|x64.ActiveCfg = Release|x64
		{337AB875-11B4-4A93-8F90-6D8EEFF589E0}.Release|x64.Build.0 = Release|x64
		{6A512BC3-C022-417D-8AD3-7752CB08193A}.Debug|Any CPU.ActiveCfg = Debug|Any CPU
		{6A512BC3-C022-417D-8AD3-7752CB08193A}.Debug|Any CPU.Build.0 = Debug|Any CPU
		{6A512BC3-C022-417D-8AD3-7752CB08193A}.Debug|x64.ActiveCfg = Debug|x64
		{6A512BC3-C022-417D-8AD3-7752CB08193A}.Debug|x64.Build.0 = Debug|x64
		{6A512BC3-C022-417D-8AD3-7752CB08193A}.Release|Any CPU.ActiveCfg = Release|Any CPU
		{6A512BC3-C022-417D-8AD3-7752CB08193A}.Release|Any CPU.Build.0 = Release|Any CPU
		{6A512BC3-C022-417D-8AD3-7752CB08193A}.Release|x64.ActiveCfg = Release|x64
		{6A512BC3-C022-417D-8AD3-7752CB08193A}.Release|x64.Build.0 = Release|x64
		{004DD723-113A-4EB5-85EA-E64B86C6F9A6}.Debug|Any CPU.ActiveCfg = Debug|Any CPU
		{004DD723-113A-4EB5-85EA-E64B86C6F9A6}.Debug|Any CPU.Build.0 = Debug|Any CPU
		{004DD723-113A-4EB5-85EA-E64B86C6F9A6}.Debug|x64.ActiveCfg = Debug|x64
		{004DD723-113A-4EB5-85EA-E64B86C6F9A6}.Debug|x64.Build.0 = Debug|x64
		{004DD723-113A-4EB5-85EA-E64B86C6F9A6}.Release|Any CPU.ActiveCfg = Release|Any CPU
		{004DD723-113A-4EB5-85EA-E64B86C6F9A6}.Release|Any CPU.Build.0 = Release|Any CPU
		{004DD723-113A-4EB5-85EA-E64B86C6F9A6}.Release|x64.ActiveCfg = Release|x64
		{004DD723-113A-4EB5-85EA-E64B86C6F9A6}.Release|x64.Build.0 = Release|x64
		{39329199-ED21-47E4-ABE6-08019F29A0F6}.Debug|Any CPU.ActiveCfg = Debug|Any CPU
		{39329199-ED21-47E4-ABE6-08019F29A0F6}.Debug|Any CPU.Build.0 = Debug|Any CPU
		{39329199-ED21-47E4-ABE6-08019F29A0F6}.Debug|x64.ActiveCfg = Debug|x64
		{39329199-ED21-47E4-ABE6-08019F29A0F6}.Debug|x64.Build.0 = Debug|x64
		{39329199-ED21-47E4-ABE6-08019F29A0F6}.Release|Any CPU.ActiveCfg = Release|Any CPU
		{39329199-ED21-47E4-ABE6-08019F29A0F6}.Release|Any CPU.Build.0 = Release|Any CPU
		{39329199-ED21-47E4-ABE6-08019F29A0F6}.Release|x64.ActiveCfg = Release|x64
		{39329199-ED21-47E4-ABE6-08019F29A0F6}.Release|x64.Build.0 = Release|x64
		{7A8F81CF-A82B-487B-86AE-27ED5AE0E1B1}.Debug|Any CPU.ActiveCfg = Debug|Any CPU
		{7A8F81CF-A82B-487B-86AE-27ED5AE0E1B1}.Debug|Any CPU.Build.0 = Debug|Any CPU
		{7A8F81CF-A82B-487B-86AE-27ED5AE0E1B1}.Debug|x64.ActiveCfg = Debug|x64
		{7A8F81CF-A82B-487B-86AE-27ED5AE0E1B1}.Debug|x64.Build.0 = Debug|x64
		{7A8F81CF-A82B-487B-86AE-27ED5AE0E1B1}.Release|Any CPU.ActiveCfg = Release|Any CPU
		{7A8F81CF-A82B-487B-86AE-27ED5AE0E1B1}.Release|Any CPU.Build.0 = Release|Any CPU
		{7A8F81CF-A82B-487B-86AE-27ED5AE0E1B1}.Release|x64.ActiveCfg = Release|x64
		{7A8F81CF-A82B-487B-86AE-27ED5AE0E1B1}.Release|x64.Build.0 = Release|x64
		{56EA188C-C78A-4B46-A815-0A4D3A8F6DC2}.Debug|Any CPU.ActiveCfg = Debug|Any CPU
		{56EA188C-C78A-4B46-A815-0A4D3A8F6DC2}.Debug|Any CPU.Build.0 = Debug|Any CPU
		{56EA188C-C78A-4B46-A815-0A4D3A8F6DC2}.Debug|x64.ActiveCfg = Debug|x64
		{56EA188C-C78A-4B46-A815-0A4D3A8F6DC2}.Debug|x64.Build.0 = Debug|x64
		{56EA188C-C78A-4B46-A815-0A4D3A8F6DC2}.Release|Any CPU.ActiveCfg = Release|Any CPU
		{56EA188C-C78A-4B46-A815-0A4D3A8F6DC2}.Release|Any CPU.Build.0 = Release|Any CPU
		{56EA188C-C78A-4B46-A815-0A4D3A8F6DC2}.Release|x64.ActiveCfg = Release|x64
		{56EA188C-C78A-4B46-A815-0A4D3A8F6DC2}.Release|x64.Build.0 = Release|x64
		{ABD279C7-D0EA-4F63-9C9B-1DB449575E49}.Debug|Any CPU.ActiveCfg = Debug|Any CPU
		{ABD279C7-D0EA-4F63-9C9B-1DB449575E49}.Debug|Any CPU.Build.0 = Debug|Any CPU
		{ABD279C7-D0EA-4F63-9C9B-1DB449575E49}.Debug|x64.ActiveCfg = Debug|x64
		{ABD279C7-D0EA-4F63-9C9B-1DB449575E49}.Debug|x64.Build.0 = Debug|x64
		{ABD279C7-D0EA-4F63-9C9B-1DB449575E49}.Release|Any CPU.ActiveCfg = Release|Any CPU
		{ABD279C7-D0EA-4F63-9C9B-1DB449575E49}.Release|Any CPU.Build.0 = Release|Any CPU
		{ABD279C7-D0EA-4F63-9C9B-1DB449575E49}.Release|x64.ActiveCfg = Release|x64
		{ABD279C7-D0EA-4F63-9C9B-1DB449575E49}.Release|x64.Build.0 = Release|x64
		{022C2ED8-3A52-4E2E-97B1-F62A4027414C}.Debug|Any CPU.ActiveCfg = Debug|Any CPU
		{022C2ED8-3A52-4E2E-97B1-F62A4027414C}.Debug|Any CPU.Build.0 = Debug|Any CPU
		{022C2ED8-3A52-4E2E-97B1-F62A4027414C}.Debug|x64.ActiveCfg = Debug|x64
		{022C2ED8-3A52-4E2E-97B1-F62A4027414C}.Debug|x64.Build.0 = Debug|x64
		{022C2ED8-3A52-4E2E-97B1-F62A4027414C}.Release|Any CPU.ActiveCfg = Release|Any CPU
		{022C2ED8-3A52-4E2E-97B1-F62A4027414C}.Release|Any CPU.Build.0 = Release|Any CPU
		{022C2ED8-3A52-4E2E-97B1-F62A4027414C}.Release|x64.ActiveCfg = Release|x64
		{022C2ED8-3A52-4E2E-97B1-F62A4027414C}.Release|x64.Build.0 = Release|x64
		{D9EC32C1-7E1B-4383-B016-A1989782145A}.Debug|Any CPU.ActiveCfg = Debug|Any CPU
		{D9EC32C1-7E1B-4383-B016-A1989782145A}.Debug|Any CPU.Build.0 = Debug|Any CPU
		{D9EC32C1-7E1B-4383-B016-A1989782145A}.Debug|x64.ActiveCfg = Debug|x64
		{D9EC32C1-7E1B-4383-B016-A1989782145A}.Debug|x64.Build.0 = Debug|x64
		{D9EC32C1-7E1B-4383-B016-A1989782145A}.Release|Any CPU.ActiveCfg = Release|Any CPU
		{D9EC32C1-7E1B-4383-B016-A1989782145A}.Release|Any CPU.Build.0 = Release|Any CPU
		{D9EC32C1-7E1B-4383-B016-A1989782145A}.Release|x64.ActiveCfg = Release|x64
		{D9EC32C1-7E1B-4383-B016-A1989782145A}.Release|x64.Build.0 = Release|x64
	EndGlobalSection
	GlobalSection(SolutionProperties) = preSolution
		HideSolutionNode = FALSE
	EndGlobalSection
	GlobalSection(NestedProjects) = preSolution
		{6E0CCE51-4ED1-4BF1-8BDA-BD8B6F2904CC} = {97980C06-CF4E-4A46-9033-679B1FF35488}
		{DA0E99B8-C698-4A24-8CEB-5CFA97DDDA7A} = {5D10C5B6-6FE7-469A-AC57-DBDDB3F50324}
		{E05B0D0C-C598-4074-8D4B-DB30E8B29891} = {453F4FB4-59F5-420F-A546-6BB55A456828}
		{2CC92D0C-27D7-4CDA-9F46-846793756618} = {6E0CCE51-4ED1-4BF1-8BDA-BD8B6F2904CC}
		{337AB875-11B4-4A93-8F90-6D8EEFF589E0} = {97980C06-CF4E-4A46-9033-679B1FF35488}
		{6A512BC3-C022-417D-8AD3-7752CB08193A} = {453F4FB4-59F5-420F-A546-6BB55A456828}
		{004DD723-113A-4EB5-85EA-E64B86C6F9A6} = {E05B0D0C-C598-4074-8D4B-DB30E8B29891}
		{39329199-ED21-47E4-ABE6-08019F29A0F6} = {453F4FB4-59F5-420F-A546-6BB55A456828}
		{7A8F81CF-A82B-487B-86AE-27ED5AE0E1B1} = {DA0E99B8-C698-4A24-8CEB-5CFA97DDDA7A}
		{56EA188C-C78A-4B46-A815-0A4D3A8F6DC2} = {5D10C5B6-6FE7-469A-AC57-DBDDB3F50324}
		{ABD279C7-D0EA-4F63-9C9B-1DB449575E49} = {26FFCF0C-1F92-4303-A4D9-A26A06249F23}
		{022C2ED8-3A52-4E2E-97B1-F62A4027414C} = {7FBFE88B-491A-48CF-B741-8DD9A2FA4081}
		{D9EC32C1-7E1B-4383-B016-A1989782145A} = {26FFCF0C-1F92-4303-A4D9-A26A06249F23}
	EndGlobalSection
	GlobalSection(ExtensibilityGlobals) = postSolution
		EnterpriseLibraryConfigurationToolBinariesPathV6 = packages\EnterpriseLibrary.Common.6.0.1304.0\lib\NET45;packages\EnterpriseLibrary.Validation.6.0.1304.0\lib\NET45
	EndGlobalSection
EndGlobal
